Microsoft Visual Studio Solution File, Format Version 12.00
# Visual Studio Version 17
VisualStudioVersion = 17.5.2.0
MinimumVisualStudioVersion = 10.0.40219.1
Project("{FAE04EC0-301F-11D3-BF4B-00C04F79EFBC}") = "PupTrailsV3", "PupTrailsV3.csproj", "{091AD3CF-B5B9-3F9D-3B8B-99D460056446}"
EndProject
Global
	GlobalSection(SolutionConfigurationPlatforms) = preSolution
		Debug|Any CPU = Debug|Any CPU
		Release|Any CPU = Release|Any CPU
	EndGlobalSection
	GlobalSection(ProjectConfigurationPlatforms) = postSolution
		{091AD3CF-B5B9-3F9D-3B8B-99D460056446}.Debug|Any CPU.ActiveCfg = Debug|Any CPU
		{091AD3CF-B5B9-3F9D-3B8B-99D460056446}.Debug|Any CPU.Build.0 = Debug|Any CPU
		{091AD3CF-B5B9-3F9D-3B8B-99D460056446}.Release|Any CPU.ActiveCfg = Release|Any CPU
		{091AD3CF-B5B9-3F9D-3B8B-99D460056446}.Release|Any CPU.Build.0 = Release|Any CPU
	EndGlobalSection
	GlobalSection(SolutionProperties) = preSolution
		HideSolutionNode = FALSE
	EndGlobalSection
	GlobalSection(ExtensibilityGlobals) = postSolution
		SolutionGuid = {F05B1ABF-F0BA-44FE-B0EB-37883F39AAD4}
	EndGlobalSection
EndGlobal
